<?xml version="1.0" encoding="UTF-8" standalone="yes" ?>
<CodeBlocks_project_file>
	<FileVersion major="1" minor="6" />
	<Project>
		<Option title="CBQueue" />
		<Option pch_mode="2" />
		<Option compiler="gcc" />
		<Option virtualFolders="EP\;Tests\;" />
		<Build>
			<Target title="Debug">
				<Option output="bin/Debug/CBQueue" prefix_auto="1" extension_auto="1" />
				<Option object_output="obj/Debug/" />
				<Option type="1" />
				<Option compiler="gcc" />
				<Compiler>
					<Add option="-g" />
				</Compiler>
			</Target>
			<Target title="Release">
				<Option output="bin/Release/CBQueue" prefix_auto="1" extension_auto="1" />
				<Option object_output="obj/Release/" />
				<Option type="1" />
				<Option compiler="gcc" />
				<Option use_console_runner="0" />
				<Compiler>
					<Add option="-O2" />
					<Add option="-DCBQ_NO_DEBUG" />
				</Compiler>
				<Linker>
					<Add option="-s" />
				</Linker>
			</Target>
			<Target title="Lib">
				<Option output="CBQueue" prefix_auto="1" extension_auto="1" />
				<Option working_dir="" />
				<Option type="2" />
				<Option compiler="gcc" />
				<Option createDefFile="1" />
				<Compiler>
					<Add option="-Wextra" />
					<Add option="-Wall" />
					<Add option="-std=c99" />
					<Add option="-DCBQ_NO_DEBUG" />
				</Compiler>
			</Target>
			<Target title="LibDebug">
				<Option output="DEBlibCBQueue" prefix_auto="1" extension_auto="1" />
				<Option working_dir="" />
				<Option type="2" />
				<Option compiler="gcc" />
				<Option createDefFile="1" />
				<Compiler>
					<Add option="-Wfatal-errors" />
					<Add option="-Wextra" />
					<Add option="-Wall" />
					<Add option="-std=c99" />
					<Add option="-Og" />
					<Add option="-g" />
				</Compiler>
			</Target>
		</Build>
		<Compiler>
			<Add option="-Wall" />
		</Compiler>
		<Unit filename="cbqdebug.h" />
		<Unit filename="cbqlocal.h" />
		<Unit filename="cbqt_gamefly.c">
			<Option compilerVar="CC" />
			<Option target="Debug" />
			<Option target="Release" />
		</Unit>
		<Unit filename="cbqt_gamefly.h">
			<Option target="Debug" />
			<Option target="Release" />
		</Unit>
		<Unit filename="cbqtbase.c">
			<Option compilerVar="CC" />
			<Option virtualFolder="Tests/" />
			<Option target="Debug" />
			<Option target="Release" />
		</Unit>
		<Unit filename="cbqtest.h">
			<Option target="Debug" />
			<Option target="Release" />
		</Unit>
		<Unit filename="cbqueue.c">
			<Option compilerVar="CC" />
		</Unit>
		<Unit filename="cbqueue.h" />
		<Unit filename="main.c">
			<Option compilerVar="CC" />
			<Option virtualFolder="EP/" />
			<Option target="Debug" />
			<Option target="Release" />
		</Unit>
		<Extensions>
			<code_completion />
			<debugger />
		</Extensions>
	</Project>
</CodeBlocks_project_file>
