<?xml version="1.0" encoding="UTF-8" standalone="yes" ?>
<CodeBlocks_project_file>
	<FileVersion major="1" minor="6" />
	<Project>
		<Option title="CBQueue" />
		<Option pch_mode="2" />
		<Option compiler="gcc" />
		<Option virtualFolders="EP\;" />
		<Build>
			<Target title="Debug">
				<Option output="bin/Debug/CBQueue" prefix_auto="1" extension_auto="1" />
				<Option object_output="obj/Debug/" />
				<Option type="1" />
				<Option compiler="gcc" />
				<Compiler>
					<Add option="-Wfatal-errors" />
					<Add option="-Wextra" />
					<Add option="-Og" />
					<Add option="-g" />
					<Add option="-DCBQ_DEBUG" />
				</Compiler>
			</Target>
			<Target title="Lib">
				<Option output="CBQueue" prefix_auto="1" extension_auto="1" />
				<Option working_dir="" />
				<Option type="2" />
				<Option compiler="gcc" />
				<Option createDefFile="1" />
				<Compiler>
					<Add option="-O2" />
				</Compiler>
			</Target>
			<Target title="LibDebug">
				<Option output="CBQueueDebug" prefix_auto="1" extension_auto="1" />
				<Option working_dir="" />
				<Option type="2" />
				<Option compiler="gcc" />
				<Option createDefFile="1" />
				<Compiler>
					<Add option="-Wfatal-errors" />
					<Add option="-Wextra" />
					<Add option="-Og" />
					<Add option="-g" />
					<Add option="-DCBQ_DEBUG" />
				</Compiler>
			</Target>
		</Build>
		<Compiler>
			<Add option="-Wall" />
			<Add option="-std=c99" />
		</Compiler>
		<Unit filename="cbqadapter.cpp">
			<Option compiler="gcc" use="1" buildCommand="$compiler $options -std=c++2a $includes -c $file -o $object" />
			<Option target="&lt;{~None~}&gt;" />
		</Unit>
		<Unit filename="cbqadapter.hpp">
			<Option link="1" />
			<Option target="&lt;{~None~}&gt;" />
		</Unit>
		<Unit filename="cbqbuildconf.h" />
		<Unit filename="cbqcallbacks.c">
			<Option compilerVar="CC" />
		</Unit>
		<Unit filename="cbqcallbacks.h">
			<Option target="&lt;{~None~}&gt;" />
		</Unit>
		<Unit filename="cbqcontainer.c">
			<Option compilerVar="CC" />
		</Unit>
		<Unit filename="cbqcontainer.h">
			<Option target="&lt;{~None~}&gt;" />
		</Unit>
		<Unit filename="cbqdebug.c">
			<Option compilerVar="CC" />
			<Option target="Debug" />
			<Option target="LibDebug" />
		</Unit>
		<Unit filename="cbqdebug.h">
			<Option target="&lt;{~None~}&gt;" />
		</Unit>
		<Unit filename="cbqlocal.h">
			<Option target="&lt;{~None~}&gt;" />
		</Unit>
		<Unit filename="cbqtest.c">
			<Option compilerVar="CC" />
			<Option target="Debug" />
			<Option target="LibDebug" />
		</Unit>
		<Unit filename="cbqtest.h">
			<Option target="&lt;{~None~}&gt;" />
		</Unit>
		<Unit filename="cbqueue.c">
			<Option compilerVar="CC" />
		</Unit>
		<Unit filename="cbqueue.h">
			<Option target="&lt;{~None~}&gt;" />
		</Unit>
		<Unit filename="main.c">
			<Option compilerVar="CC" />
			<Option virtualFolder="EP/" />
			<Option target="Debug" />
		</Unit>
		<Extensions>
			<code_completion />
			<debugger />
		</Extensions>
	</Project>
</CodeBlocks_project_file>
