<?xml version="1.0" encoding="UTF-8" standalone="yes" ?>
<CodeBlocks_project_file>
	<FileVersion major="1" minor="6" />
	<Project>
		<Option title="CBQueue" />
		<Option pch_mode="2" />
		<Option compiler="gcc" />
		<Option virtualFolders="EP\;Tests\;" />
		<Build>
			<Target title="Debug">
				<Option output="bin/Debug/CBQueue" prefix_auto="1" extension_auto="1" />
				<Option object_output="obj/Debug/" />
				<Option type="1" />
				<Option compiler="gcc" />
				<Compiler>
					<Add option="-g" />
				</Compiler>
			</Target>
			<Target title="Release">
				<Option output="bin/Release/CBQueue" prefix_auto="1" extension_auto="1" />
				<Option object_output="obj/Release/" />
				<Option type="1" />
				<Option compiler="gcc" />
				<Compiler>
					<Add option="-O2" />
				</Compiler>
				<Linker>
					<Add option="-s" />
				</Linker>
			</Target>
		</Build>
		<Compiler>
			<Add option="-Wall" />
		</Compiler>
		<Unit filename="cbqdebug.h" />
		<Unit filename="cbqlocal.h" />
		<Unit filename="cbqt_gamefly.c">
			<Option compilerVar="CC" />
		</Unit>
		<Unit filename="cbqt_gamefly.h" />
		<Unit filename="cbqtbase.c">
			<Option compilerVar="CC" />
			<Option virtualFolder="Tests/" />
		</Unit>
		<Unit filename="cbqtest.h" />
		<Unit filename="cbqueue.c">
			<Option compilerVar="CC" />
		</Unit>
		<Unit filename="cbqueue.h" />
		<Unit filename="main.c">
			<Option compilerVar="CC" />
			<Option virtualFolder="EP/" />
		</Unit>
		<Extensions>
			<code_completion />
			<debugger />
		</Extensions>
	</Project>
</CodeBlocks_project_file>
